lockfileVersion: '9.0'

settings:
  autoInstallPeers: true
  excludeLinksFromLockfile: false

importers:

  .:
    devDependencies:
      '@suddenlygiovanni/schema-resume':
        specifier: workspace:*
        version: link:../schema-resume
      effect:
        specifier: 3.12.0
        version: 3.12.0

packages:

  effect@3.12.0:
    resolution: {integrity: sha512-b/u9s3b9HfTo0qygVouegP0hkbiuxRIeaCe1ppf8P88hPyl6lKCbErtn7Az4jG7LuU7f0Wgm4c8WXbMcL2j8+g==}

  fast-check@3.23.2:
    resolution: {integrity: sha512-h5+1OzzfCC3Ef7VbtKdcv7zsstUQwUDlYpUTvjeUsJAssPgLn7QzbboPtL5ro04Mq0rPOsMzl7q5hIbRs2wD1A==}
    engines: {node: '>=8.0.0'}

  pure-rand@6.1.0:
    resolution: {integrity: sha512-bVWawvoZoBYpp6yIoQtQXHZjmz35RSVHnUOTefl8Vcjr8snTPY1wnpSPMWekcFwbxI6gtmT7rSYPFvz71ldiOA==}

snapshots:

  effect@3.12.0:
    dependencies:
      fast-check: 3.23.2

  fast-check@3.23.2:
    dependencies:
      pure-rand: 6.1.0

  pure-rand@6.1.0: {}
